{
  "name": "@spfxappdev/storage",
  "version": "1.0.0",
  "lockfileVersion": 1,
  "requires": true,
  "dependencies": {
    "@spfxappdev/logger": {
      "version": "1.0.2",
      "resolved": "https://registry.npmjs.org/@spfxappdev/logger/-/logger-1.0.2.tgz",
      "integrity": "sha512-e2In2UQe0qPgg6GX8YftMc+wuq9etNnt2PVJwHZrT06C2gSk82ukwuTBczadEc9gYy6c+a/yNxHMseXQ8SE+Vg==",
      "dev": true
    },
    "@spfxappdev/utility": {
      "version": "1.0.0",
      "resolved": "https://registry.npmjs.org/@spfxappdev/utility/-/utility-1.0.0.tgz",
      "integrity": "sha512-l8r2pFnPve0HsjfSOL+2Cur47sT4drvBQ9VoL3mHYZ6vVJPDe92ijwHzRs3vhGCFxeK2Qxxl8DFFSnHviI+rjw==",
      "dev": true
    },
    "typescript": {
      "version": "4.4.4",
      "resolved": "https://registry.npmjs.org/typescript/-/typescript-4.4.4.tgz",
      "integrity": "sha512-DqGhF5IKoBl8WNf8C1gu8q0xZSInh9j1kJJMqT3a94w1JzVaBU4EXOSMrz9yDqMT0xt3selp83fuFMQ0uzv6qA==",
      "dev": true
    }
  }
}
